
Microsoft Visual Studio Solution File, Format Version 12.00
# Visual Studio Version 17
VisualStudioVersion = 17.0.31903.59
MinimumVisualStudioVersion = 10.0.40219.1
Project("{2150E333-8FDC-42A3-9474-1A3956D46DE8}") = "domain", "domain", "{B5DEC7D3-D96A-4A07-BE99-20F8E3F90DE9}"
EndProject
Project("{FAE04EC0-301F-11D3-BF4B-00C04F79EFBC}") = "Store", "domain\Store\Store.csproj", "{E287A56A-5180-452E-A9B2-3492F7D7EECF}"
EndProject
Global
	GlobalSection(SolutionConfigurationPlatforms) = preSolution
		Debug|Any CPU = Debug|Any CPU
		Release|Any CPU = Release|Any CPU
	EndGlobalSection
	GlobalSection(SolutionProperties) = preSolution
		HideSolutionNode = FALSE
	EndGlobalSection
	GlobalSection(ProjectConfigurationPlatforms) = postSolution
		{E287A56A-5180-452E-A9B2-3492F7D7EECF}.Debug|Any CPU.ActiveCfg = Debug|Any CPU
		{E287A56A-5180-452E-A9B2-3492F7D7EECF}.Debug|Any CPU.Build.0 = Debug|Any CPU
		{E287A56A-5180-452E-A9B2-3492F7D7EECF}.Release|Any CPU.ActiveCfg = Release|Any CPU
		{E287A56A-5180-452E-A9B2-3492F7D7EECF}.Release|Any CPU.Build.0 = Release|Any CPU
	EndGlobalSection
	GlobalSection(NestedProjects) = preSolution
		{E287A56A-5180-452E-A9B2-3492F7D7EECF} = {B5DEC7D3-D96A-4A07-BE99-20F8E3F90DE9}
	EndGlobalSection
EndGlobal
