
Microsoft Visual Studio Solution File, Format Version 12.00
# Visual Studio Version 17
VisualStudioVersion = 17.0.31903.59
MinimumVisualStudioVersion = 10.0.40219.1
Project("{2150E333-8FDC-42A3-9474-1A3956D46DE8}") = "domain", "domain", "{3CEDC25F-058A-4C14-B836-79652B610106}"
EndProject
Project("{9A19103F-16F7-4668-BE54-9A1E7A4F7556}") = "Store", "domain\Store\Store.csproj", "{4893516D-3F59-4C59-850F-81371704CBB0}"
EndProject
Project("{2150E333-8FDC-42A3-9474-1A3956D46DE8}") = "infrastructure", "infrastructure", "{D40F0C45-0951-4162-AEC6-08A339EAA345}"
EndProject
Project("{2150E333-8FDC-42A3-9474-1A3956D46DE8}") = "presentation", "presentation", "{A6A8CA3A-C144-4241-900E-1FBE54361BB1}"
EndProject
Project("{9A19103F-16F7-4668-BE54-9A1E7A4F7556}") = "Store.Web", "presentation\Store.Web\Store.Web.csproj", "{4C334069-FD3D-422D-B41E-7C3C9446E384}"
EndProject
Project("{9A19103F-16F7-4668-BE54-9A1E7A4F7556}") = "Store.Tests", "domain\Store.Tests\Store.Tests.csproj", "{BF25CC9F-D625-421E-A834-A5FF3F86BA0D}"
EndProject
Project("{9A19103F-16F7-4668-BE54-9A1E7A4F7556}") = "Store.Web.Contractors", "presentation\Store.Web.Contractors\Store.Web.Contractors.csproj", "{F84A6311-5F9E-4B6E-B609-53195A11CFEB}"
EndProject
Project("{2150E333-8FDC-42A3-9474-1A3956D46DE8}") = "plugins", "plugins", "{D7AA5394-46A7-4154-9006-3A4DA3AC8E70}"
EndProject
Project("{9A19103F-16F7-4668-BE54-9A1E7A4F7556}") = "Store.YandexKassa", "plugins\Store.YandexKassa\Store.YandexKassa.csproj", "{43B48D67-7C2D-46DA-8B42-1A513BE513E7}"
EndProject
Project("{2150E333-8FDC-42A3-9474-1A3956D46DE8}") = "application", "application", "{58EC2878-B22E-4A07-9724-BEB3299AB9A0}"
EndProject
Project("{9A19103F-16F7-4668-BE54-9A1E7A4F7556}") = "Store.Web.App", "application\Store.Web.App\Store.Web.App.csproj", "{E12CAD34-9648-462A-83A1-77BAED701AFF}"
EndProject
Project("{FAE04EC0-301F-11D3-BF4B-00C04F79EFBC}") = "Store.Data.EF", "infrastructure\Store.Data.EF\Store.Data.EF.csproj", "{AEED4347-1748-449E-ADBE-F942C28BEBB0}"
EndProject
Global
	GlobalSection(SolutionConfigurationPlatforms) = preSolution
		Debug|Any CPU = Debug|Any CPU
		Release|Any CPU = Release|Any CPU
	EndGlobalSection
	GlobalSection(ProjectConfigurationPlatforms) = postSolution
		{4893516D-3F59-4C59-850F-81371704CBB0}.Debug|Any CPU.ActiveCfg = Debug|Any CPU
		{4893516D-3F59-4C59-850F-81371704CBB0}.Debug|Any CPU.Build.0 = Debug|Any CPU
		{4893516D-3F59-4C59-850F-81371704CBB0}.Release|Any CPU.ActiveCfg = Release|Any CPU
		{4893516D-3F59-4C59-850F-81371704CBB0}.Release|Any CPU.Build.0 = Release|Any CPU
		{4C334069-FD3D-422D-B41E-7C3C9446E384}.Debug|Any CPU.ActiveCfg = Debug|Any CPU
		{4C334069-FD3D-422D-B41E-7C3C9446E384}.Debug|Any CPU.Build.0 = Debug|Any CPU
		{4C334069-FD3D-422D-B41E-7C3C9446E384}.Release|Any CPU.ActiveCfg = Release|Any CPU
		{4C334069-FD3D-422D-B41E-7C3C9446E384}.Release|Any CPU.Build.0 = Release|Any CPU
		{BF25CC9F-D625-421E-A834-A5FF3F86BA0D}.Debug|Any CPU.ActiveCfg = Debug|Any CPU
		{BF25CC9F-D625-421E-A834-A5FF3F86BA0D}.Debug|Any CPU.Build.0 = Debug|Any CPU
		{BF25CC9F-D625-421E-A834-A5FF3F86BA0D}.Release|Any CPU.ActiveCfg = Release|Any CPU
		{BF25CC9F-D625-421E-A834-A5FF3F86BA0D}.Release|Any CPU.Build.0 = Release|Any CPU
		{F84A6311-5F9E-4B6E-B609-53195A11CFEB}.Debug|Any CPU.ActiveCfg = Debug|Any CPU
		{F84A6311-5F9E-4B6E-B609-53195A11CFEB}.Debug|Any CPU.Build.0 = Debug|Any CPU
		{F84A6311-5F9E-4B6E-B609-53195A11CFEB}.Release|Any CPU.ActiveCfg = Release|Any CPU
		{F84A6311-5F9E-4B6E-B609-53195A11CFEB}.Release|Any CPU.Build.0 = Release|Any CPU
		{43B48D67-7C2D-46DA-8B42-1A513BE513E7}.Debug|Any CPU.ActiveCfg = Debug|Any CPU
		{43B48D67-7C2D-46DA-8B42-1A513BE513E7}.Debug|Any CPU.Build.0 = Debug|Any CPU
		{43B48D67-7C2D-46DA-8B42-1A513BE513E7}.Release|Any CPU.ActiveCfg = Release|Any CPU
		{43B48D67-7C2D-46DA-8B42-1A513BE513E7}.Release|Any CPU.Build.0 = Release|Any CPU
		{E12CAD34-9648-462A-83A1-77BAED701AFF}.Debug|Any CPU.ActiveCfg = Debug|Any CPU
		{E12CAD34-9648-462A-83A1-77BAED701AFF}.Debug|Any CPU.Build.0 = Debug|Any CPU
		{E12CAD34-9648-462A-83A1-77BAED701AFF}.Release|Any CPU.ActiveCfg = Release|Any CPU
		{E12CAD34-9648-462A-83A1-77BAED701AFF}.Release|Any CPU.Build.0 = Release|Any CPU
		{AEED4347-1748-449E-ADBE-F942C28BEBB0}.Debug|Any CPU.ActiveCfg = Debug|Any CPU
		{AEED4347-1748-449E-ADBE-F942C28BEBB0}.Debug|Any CPU.Build.0 = Debug|Any CPU
		{AEED4347-1748-449E-ADBE-F942C28BEBB0}.Release|Any CPU.ActiveCfg = Release|Any CPU
		{AEED4347-1748-449E-ADBE-F942C28BEBB0}.Release|Any CPU.Build.0 = Release|Any CPU
	EndGlobalSection
	GlobalSection(SolutionProperties) = preSolution
		HideSolutionNode = FALSE
	EndGlobalSection
	GlobalSection(NestedProjects) = preSolution
		{4893516D-3F59-4C59-850F-81371704CBB0} = {3CEDC25F-058A-4C14-B836-79652B610106}
		{4C334069-FD3D-422D-B41E-7C3C9446E384} = {A6A8CA3A-C144-4241-900E-1FBE54361BB1}
		{BF25CC9F-D625-421E-A834-A5FF3F86BA0D} = {3CEDC25F-058A-4C14-B836-79652B610106}
		{F84A6311-5F9E-4B6E-B609-53195A11CFEB} = {A6A8CA3A-C144-4241-900E-1FBE54361BB1}
		{43B48D67-7C2D-46DA-8B42-1A513BE513E7} = {D7AA5394-46A7-4154-9006-3A4DA3AC8E70}
		{E12CAD34-9648-462A-83A1-77BAED701AFF} = {58EC2878-B22E-4A07-9724-BEB3299AB9A0}
		{AEED4347-1748-449E-ADBE-F942C28BEBB0} = {D40F0C45-0951-4162-AEC6-08A339EAA345}
	EndGlobalSection
	GlobalSection(ExtensibilityGlobals) = postSolution
		SolutionGuid = {541F6B1D-EAF3-4B1B-B7C6-7C4D9513EBED}
	EndGlobalSection
EndGlobal
